{
  "name": "gworkspace-agent",
  "version": "0.1.0",
  "lockfileVersion": 3,
  "requires": true,
  "packages": {
    "": {
      "name": "gworkspace-agent",
      "version": "0.1.0",
      "devDependencies": {
        "@googleworkspace/cli": "0.22.5"
      },
      "engines": {
        "node": ">=18"
      }
    },
    "node_modules/@googleworkspace/cli": {
      "version": "0.22.5",
      "resolved": "https://registry.npmjs.org/@googleworkspace/cli/-/cli-0.22.5.tgz",
      "integrity": "sha512-Cej4nnkjphwRF+i7KWx4esp0p41yZ7Rv7A+P9hmFQrMStcngTASZBpeN/Lptk58oXxnSHvEcvM69S0e0y/GlvA==",
      "dev": true,
      "hasInstallScript": true,
      "license": "Apache-2.0",
      "bin": {
        "gws": "run.js"
      },
      "engines": {
        "node": ">=18"
      }
    }
  }
}
