{
  "name": "gworkspace-agent",
  "version": "0.1.0",
  "lockfileVersion": 3,
  "requires": true,
  "packages": {
    "": {
      "name": "gworkspace-agent",
      "version": "0.1.0",
      "license": "MIT",
      "dependencies": {
        "multi-gws": "0.0.5"
      },
      "engines": {
        "node": ">=22.9.0"
      }
    },
    "node_modules/@googleworkspace/cli": {
      "version": "0.22.5",
      "resolved": "https://registry.npmjs.org/@googleworkspace/cli/-/cli-0.22.5.tgz",
      "integrity": "sha512-Cej4nnkjphwRF+i7KWx4esp0p41yZ7Rv7A+P9hmFQrMStcngTASZBpeN/Lptk58oXxnSHvEcvM69S0e0y/GlvA==",
      "hasInstallScript": true,
      "license": "Apache-2.0",
      "bin": {
        "gws": "run.js"
      },
      "engines": {
        "node": ">=18"
      }
    },
    "node_modules/commander": {
      "version": "14.0.3",
      "resolved": "https://registry.npmjs.org/commander/-/commander-14.0.3.tgz",
      "integrity": "sha512-H+y0Jo/T1RZ9qPP4Eh1pkcQcLRglraJaSLoyOtHxu6AapkjWVCy2Sit1QQ4x3Dng8qDlSsZEet7g5Pq06MvTgw==",
      "license": "MIT",
      "engines": {
        "node": ">=20"
      }
    },
    "node_modules/multi-gws": {
      "version": "0.0.5",
      "resolved": "https://registry.npmjs.org/multi-gws/-/multi-gws-0.0.5.tgz",
      "integrity": "sha512-8pt3TUjQO2ruPq4HDyx2z+U8hQRFTA1k8ris4nv+05H5ifXtnvHutd5IWXoJ61nrnIRFRCz9AuX3pMwYVFrunA==",
      "license": "MIT",
      "dependencies": {
        "@googleworkspace/cli": "0.22.5",
        "commander": "14.0.3"
      },
      "bin": {
        "mgws": "dist/cli.js"
      },
      "engines": {
        "node": ">=22.9.0"
      }
    }
  }
}
