{
  "name": "create-gws-agent",
  "version": "0.0.5",
  "lockfileVersion": 3,
  "requires": true,
  "packages": {
    "": {
      "name": "create-gws-agent",
      "version": "0.0.5",
      "license": "MIT",
      "bin": {
        "create-gws-agent": "bin/create.mjs"
      },
      "engines": {
        "node": ">=22.9.0"
      }
    }
  }
}
